
Microsoft Visual Studio Solution File, Format Version 12.00
# Visual Studio Version 17
VisualStudioVersion = 17.9.34607.119
MinimumVisualStudioVersion = 10.0.40219.1
Project("{FAE04EC0-301F-11D3-BF4B-00C04F79EFBC}") = "HerançaPooC#1", "HerançaPooC#1\HerançaPooC#1.csproj", "{EC57B4B5-EED3-4CA0-B977-F09751056FBA}"
EndProject
Global
	GlobalSection(SolutionConfigurationPlatforms) = preSolution
		Debug|Any CPU = Debug|Any CPU
		Release|Any CPU = Release|Any CPU
	EndGlobalSection
	GlobalSection(ProjectConfigurationPlatforms) = postSolution
		{EC57B4B5-EED3-4CA0-B977-F09751056FBA}.Debug|Any CPU.ActiveCfg = Debug|Any CPU
		{EC57B4B5-EED3-4CA0-B977-F09751056FBA}.Debug|Any CPU.Build.0 = Debug|Any CPU
		{EC57B4B5-EED3-4CA0-B977-F09751056FBA}.Release|Any CPU.ActiveCfg = Release|Any CPU
		{EC57B4B5-EED3-4CA0-B977-F09751056FBA}.Release|Any CPU.Build.0 = Release|Any CPU
	EndGlobalSection
	GlobalSection(SolutionProperties) = preSolution
		HideSolutionNode = FALSE
	EndGlobalSection
	GlobalSection(ExtensibilityGlobals) = postSolution
		SolutionGuid = {56EC47A5-A317-4C11-82AE-A4426D2A4487}
	EndGlobalSection
EndGlobal
